
Microsoft Visual Studio Solution File, Format Version 12.00
# Visual Studio Version 16
VisualStudioVersion = 16.0.29709.97
MinimumVisualStudioVersion = 10.0.40219.1
Project("{9A19103F-16F7-4668-BE54-9A1E7A4F7556}") = "Web", "Web\Web.csproj", "{15C8A846-C880-4957-8B53-A36D94730C25}"
EndProject
Project("{9A19103F-16F7-4668-BE54-9A1E7A4F7556}") = "DatabaseContext", "DatabaseContext\DatabaseContext.csproj", "{0EDA6FD7-D5F1-44D0-A334-664DFBCD02F4}"
EndProject
Project("{9A19103F-16F7-4668-BE54-9A1E7A4F7556}") = "DomainModels", "Models\DomainModels.csproj", "{9BC5460C-1C7E-4337-85D3-59EF6F24AFE0}"
EndProject
Project("{9A19103F-16F7-4668-BE54-9A1E7A4F7556}") = "Infrastructure", "Infrastructure\Infrastructure.csproj", "{4AFEB60B-4DE5-4E11-9027-7F73DC478E13}"
EndProject
Project("{9A19103F-16F7-4668-BE54-9A1E7A4F7556}") = "Services", "Services\Services.csproj", "{E8CFF0BD-96A1-46CE-BD40-398F3F92BC42}"
EndProject
Project("{9A19103F-16F7-4668-BE54-9A1E7A4F7556}") = "ViewModels", "ViewModels\ViewModels.csproj", "{5C79FA88-A6C0-4BF8-8115-783B1B15CACE}"
EndProject
Global
	GlobalSection(SolutionConfigurationPlatforms) = preSolution
		Debug|Any CPU = Debug|Any CPU
		Release|Any CPU = Release|Any CPU
	EndGlobalSection
	GlobalSection(ProjectConfigurationPlatforms) = postSolution
		{15C8A846-C880-4957-8B53-A36D94730C25}.Debug|Any CPU.ActiveCfg = Debug|Any CPU
		{15C8A846-C880-4957-8B53-A36D94730C25}.Debug|Any CPU.Build.0 = Debug|Any CPU
		{15C8A846-C880-4957-8B53-A36D94730C25}.Release|Any CPU.ActiveCfg = Release|Any CPU
		{15C8A846-C880-4957-8B53-A36D94730C25}.Release|Any CPU.Build.0 = Release|Any CPU
		{0EDA6FD7-D5F1-44D0-A334-664DFBCD02F4}.Debug|Any CPU.ActiveCfg = Debug|Any CPU
		{0EDA6FD7-D5F1-44D0-A334-664DFBCD02F4}.Debug|Any CPU.Build.0 = Debug|Any CPU
		{0EDA6FD7-D5F1-44D0-A334-664DFBCD02F4}.Release|Any CPU.ActiveCfg = Release|Any CPU
		{0EDA6FD7-D5F1-44D0-A334-664DFBCD02F4}.Release|Any CPU.Build.0 = Release|Any CPU
		{9BC5460C-1C7E-4337-85D3-59EF6F24AFE0}.Debug|Any CPU.ActiveCfg = Debug|Any CPU
		{9BC5460C-1C7E-4337-85D3-59EF6F24AFE0}.Debug|Any CPU.Build.0 = Debug|Any CPU
		{9BC5460C-1C7E-4337-85D3-59EF6F24AFE0}.Release|Any CPU.ActiveCfg = Release|Any CPU
		{9BC5460C-1C7E-4337-85D3-59EF6F24AFE0}.Release|Any CPU.Build.0 = Release|Any CPU
		{4AFEB60B-4DE5-4E11-9027-7F73DC478E13}.Debug|Any CPU.ActiveCfg = Debug|Any CPU
		{4AFEB60B-4DE5-4E11-9027-7F73DC478E13}.Debug|Any CPU.Build.0 = Debug|Any CPU
		{4AFEB60B-4DE5-4E11-9027-7F73DC478E13}.Release|Any CPU.ActiveCfg = Release|Any CPU
		{4AFEB60B-4DE5-4E11-9027-7F73DC478E13}.Release|Any CPU.Build.0 = Release|Any CPU
		{E8CFF0BD-96A1-46CE-BD40-398F3F92BC42}.Debug|Any CPU.ActiveCfg = Debug|Any CPU
		{E8CFF0BD-96A1-46CE-BD40-398F3F92BC42}.Debug|Any CPU.Build.0 = Debug|Any CPU
		{E8CFF0BD-96A1-46CE-BD40-398F3F92BC42}.Release|Any CPU.ActiveCfg = Release|Any CPU
		{E8CFF0BD-96A1-46CE-BD40-398F3F92BC42}.Release|Any CPU.Build.0 = Release|Any CPU
		{5C79FA88-A6C0-4BF8-8115-783B1B15CACE}.Debug|Any CPU.ActiveCfg = Debug|Any CPU
		{5C79FA88-A6C0-4BF8-8115-783B1B15CACE}.Debug|Any CPU.Build.0 = Debug|Any CPU
		{5C79FA88-A6C0-4BF8-8115-783B1B15CACE}.Release|Any CPU.ActiveCfg = Release|Any CPU
		{5C79FA88-A6C0-4BF8-8115-783B1B15CACE}.Release|Any CPU.Build.0 = Release|Any CPU
	EndGlobalSection
	GlobalSection(SolutionProperties) = preSolution
		HideSolutionNode = FALSE
	EndGlobalSection
	GlobalSection(ExtensibilityGlobals) = postSolution
		SolutionGuid = {3CF23762-B9A0-4830-ABAC-C842F32FDBE5}
	EndGlobalSection
EndGlobal
