
Microsoft Visual Studio Solution File, Format Version 12.00
# Visual Studio Version 16
VisualStudioVersion = 16.0.29709.97
MinimumVisualStudioVersion = 10.0.40219.1
Project("{9A19103F-16F7-4668-BE54-9A1E7A4F7556}") = "Web", "Web\Web.csproj", "{15C8A846-C880-4957-8B53-A36D94730C25}"
EndProject
Project("{9A19103F-16F7-4668-BE54-9A1E7A4F7556}") = "DatabaseContext", "DatabaseContext\DatabaseContext.csproj", "{0EDA6FD7-D5F1-44D0-A334-664DFBCD02F4}"
EndProject
Project("{9A19103F-16F7-4668-BE54-9A1E7A4F7556}") = "DomainModels", "Models\DomainModels.csproj", "{9BC5460C-1C7E-4337-85D3-59EF6F24AFE0}"
EndProject
Project("{9A19103F-16F7-4668-BE54-9A1E7A4F7556}") = "Services", "Services\Services.csproj", "{E8CFF0BD-96A1-46CE-BD40-398F3F92BC42}"
EndProject
Project("{9A19103F-16F7-4668-BE54-9A1E7A4F7556}") = "ViewModels", "ViewModels\ViewModels.csproj", "{5C79FA88-A6C0-4BF8-8115-783B1B15CACE}"
EndProject
Project("{2150E333-8FDC-42A3-9474-1A3956D46DE8}") = "3 - Application", "3 - Application", "{C897C2B2-76AC-425F-B71B-205D068EBB42}"
EndProject
Project("{2150E333-8FDC-42A3-9474-1A3956D46DE8}") = "1 - Domain", "1 - Domain", "{169EC9D8-9A94-4D6E-B4D9-F127CE85630B}"
EndProject
Project("{2150E333-8FDC-42A3-9474-1A3956D46DE8}") = "4 - Presentation", "4 - Presentation", "{9D205094-BFAD-4C3D-B6F8-398A673DB78D}"
EndProject
Project("{2150E333-8FDC-42A3-9474-1A3956D46DE8}") = "2 - Persistence", "2 - Persistence", "{B3251108-763A-4EFE-B625-5E5F3BDA4A88}"
EndProject
Project("{9A19103F-16F7-4668-BE54-9A1E7A4F7556}") = "Repository", "Repository\Repository.csproj", "{234E14D6-7605-4592-93E5-85FD1B6CB5AC}"
EndProject
Project("{2150E333-8FDC-42A3-9474-1A3956D46DE8}") = "5 - Infrastructure", "5 - Infrastructure", "{6AA4FB8F-12D1-48F5-837D-81174E4A22EB}"
EndProject
Project("{9A19103F-16F7-4668-BE54-9A1E7A4F7556}") = "IoC", "IoC\IoC.csproj", "{677EDF4D-01B1-4C9B-9671-680972CB6368}"
EndProject
Global
	GlobalSection(SolutionConfigurationPlatforms) = preSolution
		Debug|Any CPU = Debug|Any CPU
		Release|Any CPU = Release|Any CPU
	EndGlobalSection
	GlobalSection(ProjectConfigurationPlatforms) = postSolution
		{15C8A846-C880-4957-8B53-A36D94730C25}.Debug|Any CPU.ActiveCfg = Debug|Any CPU
		{15C8A846-C880-4957-8B53-A36D94730C25}.Debug|Any CPU.Build.0 = Debug|Any CPU
		{15C8A846-C880-4957-8B53-A36D94730C25}.Release|Any CPU.ActiveCfg = Release|Any CPU
		{15C8A846-C880-4957-8B53-A36D94730C25}.Release|Any CPU.Build.0 = Release|Any CPU
		{0EDA6FD7-D5F1-44D0-A334-664DFBCD02F4}.Debug|Any CPU.ActiveCfg = Debug|Any CPU
		{0EDA6FD7-D5F1-44D0-A334-664DFBCD02F4}.Debug|Any CPU.Build.0 = Debug|Any CPU
		{0EDA6FD7-D5F1-44D0-A334-664DFBCD02F4}.Release|Any CPU.ActiveCfg = Release|Any CPU
		{0EDA6FD7-D5F1-44D0-A334-664DFBCD02F4}.Release|Any CPU.Build.0 = Release|Any CPU
		{9BC5460C-1C7E-4337-85D3-59EF6F24AFE0}.Debug|Any CPU.ActiveCfg = Debug|Any CPU
		{9BC5460C-1C7E-4337-85D3-59EF6F24AFE0}.Debug|Any CPU.Build.0 = Debug|Any CPU
		{9BC5460C-1C7E-4337-85D3-59EF6F24AFE0}.Release|Any CPU.ActiveCfg = Release|Any CPU
		{9BC5460C-1C7E-4337-85D3-59EF6F24AFE0}.Release|Any CPU.Build.0 = Release|Any CPU
		{E8CFF0BD-96A1-46CE-BD40-398F3F92BC42}.Debug|Any CPU.ActiveCfg = Debug|Any CPU
		{E8CFF0BD-96A1-46CE-BD40-398F3F92BC42}.Debug|Any CPU.Build.0 = Debug|Any CPU
		{E8CFF0BD-96A1-46CE-BD40-398F3F92BC42}.Release|Any CPU.ActiveCfg = Release|Any CPU
		{E8CFF0BD-96A1-46CE-BD40-398F3F92BC42}.Release|Any CPU.Build.0 = Release|Any CPU
		{5C79FA88-A6C0-4BF8-8115-783B1B15CACE}.Debug|Any CPU.ActiveCfg = Debug|Any CPU
		{5C79FA88-A6C0-4BF8-8115-783B1B15CACE}.Debug|Any CPU.Build.0 = Debug|Any CPU
		{5C79FA88-A6C0-4BF8-8115-783B1B15CACE}.Release|Any CPU.ActiveCfg = Release|Any CPU
		{5C79FA88-A6C0-4BF8-8115-783B1B15CACE}.Release|Any CPU.Build.0 = Release|Any CPU
		{234E14D6-7605-4592-93E5-85FD1B6CB5AC}.Debug|Any CPU.ActiveCfg = Debug|Any CPU
		{234E14D6-7605-4592-93E5-85FD1B6CB5AC}.Debug|Any CPU.Build.0 = Debug|Any CPU
		{234E14D6-7605-4592-93E5-85FD1B6CB5AC}.Release|Any CPU.ActiveCfg = Release|Any CPU
		{234E14D6-7605-4592-93E5-85FD1B6CB5AC}.Release|Any CPU.Build.0 = Release|Any CPU
		{677EDF4D-01B1-4C9B-9671-680972CB6368}.Debug|Any CPU.ActiveCfg = Debug|Any CPU
		{677EDF4D-01B1-4C9B-9671-680972CB6368}.Debug|Any CPU.Build.0 = Debug|Any CPU
		{677EDF4D-01B1-4C9B-9671-680972CB6368}.Release|Any CPU.ActiveCfg = Release|Any CPU
		{677EDF4D-01B1-4C9B-9671-680972CB6368}.Release|Any CPU.Build.0 = Release|Any CPU
	EndGlobalSection
	GlobalSection(SolutionProperties) = preSolution
		HideSolutionNode = FALSE
	EndGlobalSection
	GlobalSection(NestedProjects) = preSolution
		{15C8A846-C880-4957-8B53-A36D94730C25} = {9D205094-BFAD-4C3D-B6F8-398A673DB78D}
		{0EDA6FD7-D5F1-44D0-A334-664DFBCD02F4} = {B3251108-763A-4EFE-B625-5E5F3BDA4A88}
		{9BC5460C-1C7E-4337-85D3-59EF6F24AFE0} = {169EC9D8-9A94-4D6E-B4D9-F127CE85630B}
		{E8CFF0BD-96A1-46CE-BD40-398F3F92BC42} = {C897C2B2-76AC-425F-B71B-205D068EBB42}
		{5C79FA88-A6C0-4BF8-8115-783B1B15CACE} = {C897C2B2-76AC-425F-B71B-205D068EBB42}
		{234E14D6-7605-4592-93E5-85FD1B6CB5AC} = {B3251108-763A-4EFE-B625-5E5F3BDA4A88}
		{677EDF4D-01B1-4C9B-9671-680972CB6368} = {6AA4FB8F-12D1-48F5-837D-81174E4A22EB}
	EndGlobalSection
	GlobalSection(ExtensibilityGlobals) = postSolution
		SolutionGuid = {3CF23762-B9A0-4830-ABAC-C842F32FDBE5}
	EndGlobalSection
EndGlobal
